
Microsoft Visual Studio Solution File, Format Version 12.00
# Visual Studio 14
VisualStudioVersion = 14.0.25420.1
MinimumVisualStudioVersion = 10.0.40219.1
Project("{2150E333-8FDC-42A3-9474-1A3956D46DE8}") = "src", "src", "{BB9526A1-2A63-4E1F-9C76-B96D9B742C49}"
EndProject
Project("{2150E333-8FDC-42A3-9474-1A3956D46DE8}") = "Solution Items", "Solution Items", "{F547C83B-BE65-45F9-BBA8-B617A70DB896}"
	ProjectSection(SolutionItems) = preProject
		global.json = global.json
	EndProjectSection
EndProject
Project("{8BB2217D-0F2D-49D1-97BC-3654ED321F3B}") = "FluentValidationsDemo", "src\FluentValidationsDemo\FluentValidationsDemo.xproj", "{DB0AF4CF-8229-4441-A89B-94AAC13B2470}"
EndProject
Global
	GlobalSection(SolutionConfigurationPlatforms) = preSolution
		Debug|Any CPU = Debug|Any CPU
		Release|Any CPU = Release|Any CPU
	EndGlobalSection
	GlobalSection(ProjectConfigurationPlatforms) = postSolution
		{DB0AF4CF-8229-4441-A89B-94AAC13B2470}.Debug|Any CPU.ActiveCfg = Debug|Any CPU
		{DB0AF4CF-8229-4441-A89B-94AAC13B2470}.Debug|Any CPU.Build.0 = Debug|Any CPU
		{DB0AF4CF-8229-4441-A89B-94AAC13B2470}.Release|Any CPU.ActiveCfg = Release|Any CPU
		{DB0AF4CF-8229-4441-A89B-94AAC13B2470}.Release|Any CPU.Build.0 = Release|Any CPU
	EndGlobalSection
	GlobalSection(SolutionProperties) = preSolution
		HideSolutionNode = FALSE
	EndGlobalSection
	GlobalSection(NestedProjects) = preSolution
		{DB0AF4CF-8229-4441-A89B-94AAC13B2470} = {BB9526A1-2A63-4E1F-9C76-B96D9B742C49}
	EndGlobalSection
EndGlobal
